
Microsoft Visual Studio Solution File, Format Version 12.00
# Visual Studio Version 17
VisualStudioVersion = 17.3.32929.385
MinimumVisualStudioVersion = 10.0.40219.1
Project("{FAE04EC0-301F-11D3-BF4B-00C04F79EFBC}") = "TareaFinal03ClienteForms", "TareaFinal03ClienteForms\TareaFinal03ClienteForms.csproj", "{F19B4CB1-816C-435B-BE59-3CE3A3FE06AF}"
EndProject
Global
	GlobalSection(SolutionConfigurationPlatforms) = preSolution
		Debug|Any CPU = Debug|Any CPU
		Release|Any CPU = Release|Any CPU
	EndGlobalSection
	GlobalSection(ProjectConfigurationPlatforms) = postSolution
		{F19B4CB1-816C-435B-BE59-3CE3A3FE06AF}.Debug|Any CPU.ActiveCfg = Debug|Any CPU
		{F19B4CB1-816C-435B-BE59-3CE3A3FE06AF}.Debug|Any CPU.Build.0 = Debug|Any CPU
		{F19B4CB1-816C-435B-BE59-3CE3A3FE06AF}.Release|Any CPU.ActiveCfg = Release|Any CPU
		{F19B4CB1-816C-435B-BE59-3CE3A3FE06AF}.Release|Any CPU.Build.0 = Release|Any CPU
	EndGlobalSection
	GlobalSection(SolutionProperties) = preSolution
		HideSolutionNode = FALSE
	EndGlobalSection
	GlobalSection(ExtensibilityGlobals) = postSolution
		SolutionGuid = {DA77F8D5-C3F5-41DC-A676-BED8D030CD19}
	EndGlobalSection
EndGlobal
