
Microsoft Visual Studio Solution File, Format Version 12.00
# Visual Studio Version 17
VisualStudioVersion = 17.3.32901.215
MinimumVisualStudioVersion = 10.0.40219.1
Project("{FAE04EC0-301F-11D3-BF4B-00C04F79EFBC}") = "Tarea02", "Tarea02\Tarea02.csproj", "{33814DC7-303F-4B0E-8AFE-DDE1C12262F2}"
EndProject
Global
	GlobalSection(SolutionConfigurationPlatforms) = preSolution
		Debug|Any CPU = Debug|Any CPU
		Release|Any CPU = Release|Any CPU
	EndGlobalSection
	GlobalSection(ProjectConfigurationPlatforms) = postSolution
		{33814DC7-303F-4B0E-8AFE-DDE1C12262F2}.Debug|Any CPU.ActiveCfg = Debug|Any CPU
		{33814DC7-303F-4B0E-8AFE-DDE1C12262F2}.Debug|Any CPU.Build.0 = Debug|Any CPU
		{33814DC7-303F-4B0E-8AFE-DDE1C12262F2}.Release|Any CPU.ActiveCfg = Release|Any CPU
		{33814DC7-303F-4B0E-8AFE-DDE1C12262F2}.Release|Any CPU.Build.0 = Release|Any CPU
	EndGlobalSection
	GlobalSection(SolutionProperties) = preSolution
		HideSolutionNode = FALSE
	EndGlobalSection
	GlobalSection(ExtensibilityGlobals) = postSolution
		SolutionGuid = {9354C60D-1BCA-4F71-BCEA-EBF8B1F834B2}
	EndGlobalSection
EndGlobal
