
Microsoft Visual Studio Solution File, Format Version 12.00
# Visual Studio Version 17
VisualStudioVersion = 17.3.32929.385
MinimumVisualStudioVersion = 10.0.40219.1
Project("{FAE04EC0-301F-11D3-BF4B-00C04F79EFBC}") = "Ejercicio2", "Ejercicio2\Ejercicio2.csproj", "{EA9FE989-811D-4999-8665-C35615AB7946}"
EndProject
Global
	GlobalSection(SolutionConfigurationPlatforms) = preSolution
		Debug|Any CPU = Debug|Any CPU
		Release|Any CPU = Release|Any CPU
	EndGlobalSection
	GlobalSection(ProjectConfigurationPlatforms) = postSolution
		{EA9FE989-811D-4999-8665-C35615AB7946}.Debug|Any CPU.ActiveCfg = Debug|Any CPU
		{EA9FE989-811D-4999-8665-C35615AB7946}.Debug|Any CPU.Build.0 = Debug|Any CPU
		{EA9FE989-811D-4999-8665-C35615AB7946}.Release|Any CPU.ActiveCfg = Release|Any CPU
		{EA9FE989-811D-4999-8665-C35615AB7946}.Release|Any CPU.Build.0 = Release|Any CPU
	EndGlobalSection
	GlobalSection(SolutionProperties) = preSolution
		HideSolutionNode = FALSE
	EndGlobalSection
	GlobalSection(ExtensibilityGlobals) = postSolution
		SolutionGuid = {98E1006E-533C-4A72-9E08-73F01DE0FEB8}
	EndGlobalSection
EndGlobal
